
Microsoft Visual Studio Solution File, Format Version 12.00
# Visual Studio Version 16
VisualStudioVersion = 16.0.29215.179
MinimumVisualStudioVersion = 10.0.40219.1
Project("{FAE04EC0-301F-11D3-BF4B-00C04F79EFBC}") = "KopiLua.Net45", "KopiLua\KopiLua.Net45.csproj", "{E8DDBC21-EF74-4ABA-9C49-BFC702BE25D8}"
EndProject
Project("{FAE04EC0-301F-11D3-BF4B-00C04F79EFBC}") = "KopiLua.Tests", "KopiLua.Tests\KopiLua.Tests.csproj", "{9C7932E8-A045-4AE4-A3B4-9F4C44511087}"
EndProject
Project("{FAE04EC0-301F-11D3-BF4B-00C04F79EFBC}") = "Lua", "Lua\Lua.csproj", "{1F39043F-11B4-4202-9B0A-6606FA7BB355}"
EndProject
Project("{FAE04EC0-301F-11D3-BF4B-00C04F79EFBC}") = "Luac", "Luac\Luac.csproj", "{6962DD1F-A32D-4827-B5C5-DB1742CB4D48}"
EndProject
Project("{FAE04EC0-301F-11D3-BF4B-00C04F79EFBC}") = "KopiLua.Standard", "KopiLua.Standard\KopiLua.Standard.csproj", "{3A395D73-A571-4B0A-8063-1E53B6163313}"
EndProject
Project("{FAE04EC0-301F-11D3-BF4B-00C04F79EFBC}") = "Lua.NETCore", "Lua.NETCore\Lua.NETCore.csproj", "{0793E681-B23B-42B7-9449-51B5EC3DB6DB}"
EndProject
Project("{FAE04EC0-301F-11D3-BF4B-00C04F79EFBC}") = "Linyee.Lib", "Linyee\Linyee.Lib.csproj", "{85FE5095-A104-47A1-8D3E-6CB96918478E}"
EndProject
Project("{2150E333-8FDC-42A3-9474-1A3956D46DE8}") = "Linyee", "Linyee", "{2866FAFB-004F-4AD9-BF27-D162961A7714}"
EndProject
Project("{FAE04EC0-301F-11D3-BF4B-00C04F79EFBC}") = "Linyee.Cli", "Linyee.Cli\Linyee.Cli.csproj", "{8D8ED80F-E364-48E3-849F-1DA57ADC3B74}"
EndProject
Project("{FAE04EC0-301F-11D3-BF4B-00C04F79EFBC}") = "Linyee.AT", "Linyee.AT\Linyee.AT.csproj", "{20CA6506-3A24-491E-95AC-4478F3CA3728}"
EndProject
Project("{FAE04EC0-301F-11D3-BF4B-00C04F79EFBC}") = "Linyee.Localization", "Linyee.Localization\Linyee.Localization.csproj", "{AC8D7AD2-7EAB-4D31-8D02-F9E0CBEA0B28}"
EndProject
Project("{2150E333-8FDC-42A3-9474-1A3956D46DE8}") = "Linyee2", "Linyee2", "{62043931-F0DC-4455-84CA-E5EE197E0B08}"
EndProject
Project("{FAE04EC0-301F-11D3-BF4B-00C04F79EFBC}") = "Linyee.Lib.V2", "Linyee.Lib.2\Linyee.Lib.V2.csproj", "{9E9989D6-FAB9-4B99-97C5-88133496726F}"
EndProject
Global
	GlobalSection(SolutionConfigurationPlatforms) = preSolution
		Debug|Any CPU = Debug|Any CPU
		Release|Any CPU = Release|Any CPU
	EndGlobalSection
	GlobalSection(ProjectConfigurationPlatforms) = postSolution
		{E8DDBC21-EF74-4ABA-9C49-BFC702BE25D8}.Debug|Any CPU.ActiveCfg = Debug|Any CPU
		{E8DDBC21-EF74-4ABA-9C49-BFC702BE25D8}.Debug|Any CPU.Build.0 = Debug|Any CPU
		{E8DDBC21-EF74-4ABA-9C49-BFC702BE25D8}.Release|Any CPU.ActiveCfg = Release|Any CPU
		{E8DDBC21-EF74-4ABA-9C49-BFC702BE25D8}.Release|Any CPU.Build.0 = Release|Any CPU
		{9C7932E8-A045-4AE4-A3B4-9F4C44511087}.Debug|Any CPU.ActiveCfg = Debug|Any CPU
		{9C7932E8-A045-4AE4-A3B4-9F4C44511087}.Debug|Any CPU.Build.0 = Debug|Any CPU
		{9C7932E8-A045-4AE4-A3B4-9F4C44511087}.Release|Any CPU.ActiveCfg = Release|Any CPU
		{9C7932E8-A045-4AE4-A3B4-9F4C44511087}.Release|Any CPU.Build.0 = Release|Any CPU
		{1F39043F-11B4-4202-9B0A-6606FA7BB355}.Debug|Any CPU.ActiveCfg = Debug|Any CPU
		{1F39043F-11B4-4202-9B0A-6606FA7BB355}.Debug|Any CPU.Build.0 = Debug|Any CPU
		{1F39043F-11B4-4202-9B0A-6606FA7BB355}.Release|Any CPU.ActiveCfg = Release|Any CPU
		{1F39043F-11B4-4202-9B0A-6606FA7BB355}.Release|Any CPU.Build.0 = Release|Any CPU
		{6962DD1F-A32D-4827-B5C5-DB1742CB4D48}.Debug|Any CPU.ActiveCfg = Debug|Any CPU
		{6962DD1F-A32D-4827-B5C5-DB1742CB4D48}.Debug|Any CPU.Build.0 = Debug|Any CPU
		{6962DD1F-A32D-4827-B5C5-DB1742CB4D48}.Release|Any CPU.ActiveCfg = Release|Any CPU
		{6962DD1F-A32D-4827-B5C5-DB1742CB4D48}.Release|Any CPU.Build.0 = Release|Any CPU
		{3A395D73-A571-4B0A-8063-1E53B6163313}.Debug|Any CPU.ActiveCfg = Debug|Any CPU
		{3A395D73-A571-4B0A-8063-1E53B6163313}.Debug|Any CPU.Build.0 = Debug|Any CPU
		{3A395D73-A571-4B0A-8063-1E53B6163313}.Release|Any CPU.ActiveCfg = Release|Any CPU
		{3A395D73-A571-4B0A-8063-1E53B6163313}.Release|Any CPU.Build.0 = Release|Any CPU
		{0793E681-B23B-42B7-9449-51B5EC3DB6DB}.Debug|Any CPU.ActiveCfg = Debug|Any CPU
		{0793E681-B23B-42B7-9449-51B5EC3DB6DB}.Debug|Any CPU.Build.0 = Debug|Any CPU
		{0793E681-B23B-42B7-9449-51B5EC3DB6DB}.Release|Any CPU.ActiveCfg = Release|Any CPU
		{0793E681-B23B-42B7-9449-51B5EC3DB6DB}.Release|Any CPU.Build.0 = Release|Any CPU
		{85FE5095-A104-47A1-8D3E-6CB96918478E}.Debug|Any CPU.ActiveCfg = Debug|Any CPU
		{85FE5095-A104-47A1-8D3E-6CB96918478E}.Debug|Any CPU.Build.0 = Debug|Any CPU
		{85FE5095-A104-47A1-8D3E-6CB96918478E}.Release|Any CPU.ActiveCfg = Release|Any CPU
		{85FE5095-A104-47A1-8D3E-6CB96918478E}.Release|Any CPU.Build.0 = Release|Any CPU
		{8D8ED80F-E364-48E3-849F-1DA57ADC3B74}.Debug|Any CPU.ActiveCfg = Debug|Any CPU
		{8D8ED80F-E364-48E3-849F-1DA57ADC3B74}.Debug|Any CPU.Build.0 = Debug|Any CPU
		{8D8ED80F-E364-48E3-849F-1DA57ADC3B74}.Release|Any CPU.ActiveCfg = Release|Any CPU
		{8D8ED80F-E364-48E3-849F-1DA57ADC3B74}.Release|Any CPU.Build.0 = Release|Any CPU
		{20CA6506-3A24-491E-95AC-4478F3CA3728}.Debug|Any CPU.ActiveCfg = Debug|Any CPU
		{20CA6506-3A24-491E-95AC-4478F3CA3728}.Debug|Any CPU.Build.0 = Debug|Any CPU
		{20CA6506-3A24-491E-95AC-4478F3CA3728}.Release|Any CPU.ActiveCfg = Release|Any CPU
		{20CA6506-3A24-491E-95AC-4478F3CA3728}.Release|Any CPU.Build.0 = Release|Any CPU
		{AC8D7AD2-7EAB-4D31-8D02-F9E0CBEA0B28}.Debug|Any CPU.ActiveCfg = Debug|Any CPU
		{AC8D7AD2-7EAB-4D31-8D02-F9E0CBEA0B28}.Debug|Any CPU.Build.0 = Debug|Any CPU
		{AC8D7AD2-7EAB-4D31-8D02-F9E0CBEA0B28}.Release|Any CPU.ActiveCfg = Release|Any CPU
		{AC8D7AD2-7EAB-4D31-8D02-F9E0CBEA0B28}.Release|Any CPU.Build.0 = Release|Any CPU
		{9E9989D6-FAB9-4B99-97C5-88133496726F}.Debug|Any CPU.ActiveCfg = Debug|Any CPU
		{9E9989D6-FAB9-4B99-97C5-88133496726F}.Debug|Any CPU.Build.0 = Debug|Any CPU
		{9E9989D6-FAB9-4B99-97C5-88133496726F}.Release|Any CPU.ActiveCfg = Release|Any CPU
		{9E9989D6-FAB9-4B99-97C5-88133496726F}.Release|Any CPU.Build.0 = Release|Any CPU
	EndGlobalSection
	GlobalSection(SolutionProperties) = preSolution
		HideSolutionNode = FALSE
	EndGlobalSection
	GlobalSection(NestedProjects) = preSolution
		{85FE5095-A104-47A1-8D3E-6CB96918478E} = {2866FAFB-004F-4AD9-BF27-D162961A7714}
		{8D8ED80F-E364-48E3-849F-1DA57ADC3B74} = {2866FAFB-004F-4AD9-BF27-D162961A7714}
		{20CA6506-3A24-491E-95AC-4478F3CA3728} = {62043931-F0DC-4455-84CA-E5EE197E0B08}
		{AC8D7AD2-7EAB-4D31-8D02-F9E0CBEA0B28} = {62043931-F0DC-4455-84CA-E5EE197E0B08}
		{9E9989D6-FAB9-4B99-97C5-88133496726F} = {62043931-F0DC-4455-84CA-E5EE197E0B08}
	EndGlobalSection
	GlobalSection(ExtensibilityGlobals) = postSolution
		SolutionGuid = {B191ECF9-88DF-46CB-8977-D8492358915A}
	EndGlobalSection
EndGlobal
